
Microsoft Visual Studio Solution File, Format Version 12.00
# Visual Studio Version 16
VisualStudioVersion = 16.0.31424.327
MinimumVisualStudioVersion = 10.0.40219.1
Project("{FAE04EC0-301F-11D3-BF4B-00C04F79EFBC}") = "Depense.Android", "Depense\Depense.Android\Depense.Android.csproj", "{1BA4E476-EDE3-405A-9E0D-0CF654D2A9A6}"
EndProject
Project("{FAE04EC0-301F-11D3-BF4B-00C04F79EFBC}") = "Depense.iOS", "Depense\Depense.iOS\Depense.iOS.csproj", "{B648FE39-FBD4-4495-B2FD-08CB3F16D1EB}"
EndProject
Project("{FAE04EC0-301F-11D3-BF4B-00C04F79EFBC}") = "Depense", "Depense\Depense\Depense.csproj", "{4B258600-71B1-45DF-B67F-1F1F9AA7AF58}"
EndProject
Global
	GlobalSection(SolutionConfigurationPlatforms) = preSolution
		Debug|Any CPU = Debug|Any CPU
		Debug|iPhone = Debug|iPhone
		Debug|iPhoneSimulator = Debug|iPhoneSimulator
		Release|Any CPU = Release|Any CPU
		Release|iPhone = Release|iPhone
		Release|iPhoneSimulator = Release|iPhoneSimulator
	EndGlobalSection
	GlobalSection(ProjectConfigurationPlatforms) = postSolution
		{1BA4E476-EDE3-405A-9E0D-0CF654D2A9A6}.Debug|Any CPU.ActiveCfg = Debug|Any CPU
		{1BA4E476-EDE3-405A-9E0D-0CF654D2A9A6}.Debug|Any CPU.Build.0 = Debug|Any CPU
		{1BA4E476-EDE3-405A-9E0D-0CF654D2A9A6}.Debug|Any CPU.Deploy.0 = Debug|Any CPU
		{1BA4E476-EDE3-405A-9E0D-0CF654D2A9A6}.Debug|iPhone.ActiveCfg = Debug|Any CPU
		{1BA4E476-EDE3-405A-9E0D-0CF654D2A9A6}.Debug|iPhone.Build.0 = Debug|Any CPU
		{1BA4E476-EDE3-405A-9E0D-0CF654D2A9A6}.Debug|iPhone.Deploy.0 = Debug|Any CPU
		{1BA4E476-EDE3-405A-9E0D-0CF654D2A9A6}.Debug|iPhoneSimulator.ActiveCfg = Debug|Any CPU
		{1BA4E476-EDE3-405A-9E0D-0CF654D2A9A6}.Debug|iPhoneSimulator.Build.0 = Debug|Any CPU
		{1BA4E476-EDE3-405A-9E0D-0CF654D2A9A6}.Debug|iPhoneSimulator.Deploy.0 = Debug|Any CPU
		{1BA4E476-EDE3-405A-9E0D-0CF654D2A9A6}.Release|Any CPU.ActiveCfg = Release|Any CPU
		{1BA4E476-EDE3-405A-9E0D-0CF654D2A9A6}.Release|Any CPU.Build.0 = Release|Any CPU
		{1BA4E476-EDE3-405A-9E0D-0CF654D2A9A6}.Release|Any CPU.Deploy.0 = Release|Any CPU
		{1BA4E476-EDE3-405A-9E0D-0CF654D2A9A6}.Release|iPhone.ActiveCfg = Release|Any CPU
		{1BA4E476-EDE3-405A-9E0D-0CF654D2A9A6}.Release|iPhone.Build.0 = Release|Any CPU
		{1BA4E476-EDE3-405A-9E0D-0CF654D2A9A6}.Release|iPhone.Deploy.0 = Release|Any CPU
		{1BA4E476-EDE3-405A-9E0D-0CF654D2A9A6}.Release|iPhoneSimulator.ActiveCfg = Release|Any CPU
		{1BA4E476-EDE3-405A-9E0D-0CF654D2A9A6}.Release|iPhoneSimulator.Build.0 = Release|Any CPU
		{1BA4E476-EDE3-405A-9E0D-0CF654D2A9A6}.Release|iPhoneSimulator.Deploy.0 = Release|Any CPU
		{B648FE39-FBD4-4495-B2FD-08CB3F16D1EB}.Debug|Any CPU.ActiveCfg = Debug|iPhone
		{B648FE39-FBD4-4495-B2FD-08CB3F16D1EB}.Debug|Any CPU.Build.0 = Debug|iPhone
		{B648FE39-FBD4-4495-B2FD-08CB3F16D1EB}.Debug|Any CPU.Deploy.0 = Debug|iPhone
		{B648FE39-FBD4-4495-B2FD-08CB3F16D1EB}.Debug|iPhone.ActiveCfg = Debug|iPhone
		{B648FE39-FBD4-4495-B2FD-08CB3F16D1EB}.Debug|iPhone.Build.0 = Debug|iPhone
		{B648FE39-FBD4-4495-B2FD-08CB3F16D1EB}.Debug|iPhone.Deploy.0 = Debug|iPhone
		{B648FE39-FBD4-4495-B2FD-08CB3F16D1EB}.Debug|iPhoneSimulator.ActiveCfg = Debug|iPhoneSimulator
		{B648FE39-FBD4-4495-B2FD-08CB3F16D1EB}.Debug|iPhoneSimulator.Build.0 = Debug|iPhoneSimulator
		{B648FE39-FBD4-4495-B2FD-08CB3F16D1EB}.Debug|iPhoneSimulator.Deploy.0 = Debug|iPhoneSimulator
		{B648FE39-FBD4-4495-B2FD-08CB3F16D1EB}.Release|Any CPU.ActiveCfg = Release|iPhoneSimulator
		{B648FE39-FBD4-4495-B2FD-08CB3F16D1EB}.Release|Any CPU.Build.0 = Release|iPhoneSimulator
		{B648FE39-FBD4-4495-B2FD-08CB3F16D1EB}.Release|Any CPU.Deploy.0 = Release|iPhoneSimulator
		{B648FE39-FBD4-4495-B2FD-08CB3F16D1EB}.Release|iPhone.ActiveCfg = Release|iPhone
		{B648FE39-FBD4-4495-B2FD-08CB3F16D1EB}.Release|iPhone.Build.0 = Release|iPhone
		{B648FE39-FBD4-4495-B2FD-08CB3F16D1EB}.Release|iPhone.Deploy.0 = Release|iPhone
		{B648FE39-FBD4-4495-B2FD-08CB3F16D1EB}.Release|iPhoneSimulator.ActiveCfg = Release|iPhoneSimulator
		{B648FE39-FBD4-4495-B2FD-08CB3F16D1EB}.Release|iPhoneSimulator.Build.0 = Release|iPhoneSimulator
		{B648FE39-FBD4-4495-B2FD-08CB3F16D1EB}.Release|iPhoneSimulator.Deploy.0 = Release|iPhoneSimulator
		{4B258600-71B1-45DF-B67F-1F1F9AA7AF58}.Debug|Any CPU.ActiveCfg = Debug|Any CPU
		{4B258600-71B1-45DF-B67F-1F1F9AA7AF58}.Debug|Any CPU.Build.0 = Debug|Any CPU
		{4B258600-71B1-45DF-B67F-1F1F9AA7AF58}.Debug|Any CPU.Deploy.0 = Debug|Any CPU
		{4B258600-71B1-45DF-B67F-1F1F9AA7AF58}.Debug|iPhone.ActiveCfg = Debug|Any CPU
		{4B258600-71B1-45DF-B67F-1F1F9AA7AF58}.Debug|iPhone.Build.0 = Debug|Any CPU
		{4B258600-71B1-45DF-B67F-1F1F9AA7AF58}.Debug|iPhone.Deploy.0 = Debug|Any CPU
		{4B258600-71B1-45DF-B67F-1F1F9AA7AF58}.Debug|iPhoneSimulator.ActiveCfg = Debug|Any CPU
		{4B258600-71B1-45DF-B67F-1F1F9AA7AF58}.Debug|iPhoneSimulator.Build.0 = Debug|Any CPU
		{4B258600-71B1-45DF-B67F-1F1F9AA7AF58}.Debug|iPhoneSimulator.Deploy.0 = Debug|Any CPU
		{4B258600-71B1-45DF-B67F-1F1F9AA7AF58}.Release|Any CPU.ActiveCfg = Release|Any CPU
		{4B258600-71B1-45DF-B67F-1F1F9AA7AF58}.Release|Any CPU.Build.0 = Release|Any CPU
		{4B258600-71B1-45DF-B67F-1F1F9AA7AF58}.Release|Any CPU.Deploy.0 = Release|Any CPU
		{4B258600-71B1-45DF-B67F-1F1F9AA7AF58}.Release|iPhone.ActiveCfg = Release|Any CPU
		{4B258600-71B1-45DF-B67F-1F1F9AA7AF58}.Release|iPhone.Build.0 = Release|Any CPU
		{4B258600-71B1-45DF-B67F-1F1F9AA7AF58}.Release|iPhone.Deploy.0 = Release|Any CPU
		{4B258600-71B1-45DF-B67F-1F1F9AA7AF58}.Release|iPhoneSimulator.ActiveCfg = Release|Any CPU
		{4B258600-71B1-45DF-B67F-1F1F9AA7AF58}.Release|iPhoneSimulator.Build.0 = Release|Any CPU
		{4B258600-71B1-45DF-B67F-1F1F9AA7AF58}.Release|iPhoneSimulator.Deploy.0 = Release|Any CPU
	EndGlobalSection
	GlobalSection(SolutionProperties) = preSolution
		HideSolutionNode = FALSE
	EndGlobalSection
	GlobalSection(ExtensibilityGlobals) = postSolution
		SolutionGuid = {96C21B32-7587-4B6C-9D8F-2FE4885C9EA5}
	EndGlobalSection
EndGlobal
